
Microsoft Visual Studio Solution File, Format Version 12.00
# Visual Studio Version 17
VisualStudioVersion = 17.5.33530.505
MinimumVisualStudioVersion = 10.0.40219.1
Project("{FAE04EC0-301F-11D3-BF4B-00C04F79EFBC}") = "SQL_KeepNote", "SQL_KeepNote\SQL_KeepNote.csproj", "{66405037-9250-4ED3-9E6E-1BC19EDA4FB1}"
EndProject
Global
	GlobalSection(SolutionConfigurationPlatforms) = preSolution
		Debug|Any CPU = Debug|Any CPU
		Release|Any CPU = Release|Any CPU
	EndGlobalSection
	GlobalSection(ProjectConfigurationPlatforms) = postSolution
		{66405037-9250-4ED3-9E6E-1BC19EDA4FB1}.Debug|Any CPU.ActiveCfg = Debug|Any CPU
		{66405037-9250-4ED3-9E6E-1BC19EDA4FB1}.Debug|Any CPU.Build.0 = Debug|Any CPU
		{66405037-9250-4ED3-9E6E-1BC19EDA4FB1}.Release|Any CPU.ActiveCfg = Release|Any CPU
		{66405037-9250-4ED3-9E6E-1BC19EDA4FB1}.Release|Any CPU.Build.0 = Release|Any CPU
	EndGlobalSection
	GlobalSection(SolutionProperties) = preSolution
		HideSolutionNode = FALSE
	EndGlobalSection
	GlobalSection(ExtensibilityGlobals) = postSolution
		SolutionGuid = {53E2B8BD-A16A-48BE-8CA5-07DE2A6F5A98}
	EndGlobalSection
EndGlobal
